
Microsoft Visual Studio Solution File, Format Version 12.00
# Visual Studio Version 17
VisualStudioVersion = 17.3.32804.467
MinimumVisualStudioVersion = 10.0.40219.1
Project("{888888A0-9F3D-457C-B088-3A5042F75D52}") = "ProdutorConsumidor", "ProdutorConsumidor.pyproj", "{BD90425B-AF1A-44D0-BFED-0E2DB63050DA}"
EndProject
Global
	GlobalSection(SolutionConfigurationPlatforms) = preSolution
		Debug|Any CPU = Debug|Any CPU
		Release|Any CPU = Release|Any CPU
	EndGlobalSection
	GlobalSection(ProjectConfigurationPlatforms) = postSolution
		{BD90425B-AF1A-44D0-BFED-0E2DB63050DA}.Debug|Any CPU.ActiveCfg = Debug|Any CPU
		{BD90425B-AF1A-44D0-BFED-0E2DB63050DA}.Release|Any CPU.ActiveCfg = Release|Any CPU
	EndGlobalSection
	GlobalSection(SolutionProperties) = preSolution
		HideSolutionNode = FALSE
	EndGlobalSection
	GlobalSection(ExtensibilityGlobals) = postSolution
		SolutionGuid = {E67F0564-65C4-48BE-B531-70CCF0549DB0}
	EndGlobalSection
EndGlobal
